
Microsoft Visual Studio Solution File, Format Version 12.00
# Visual Studio Version 17
VisualStudioVersion = 17.11.35312.102
MinimumVisualStudioVersion = 10.0.40219.1
Project("{9A19103F-16F7-4668-BE54-9A1E7A4F7556}") = "UAHExchangeBot", "UAHExchangeBot\UAHExchangeBot.csproj", "{A267858E-72B1-43A0-A19D-78344CE4D3DD}"
EndProject
Project("{FAE04EC0-301F-11D3-BF4B-00C04F79EFBC}") = "UAHExchangeBot.Tests", "UAHExchangeBot.Tests\UAHExchangeBot.Tests.csproj", "{AF3735DC-E15B-4874-BC1C-ADA2A8391BE1}"
EndProject
Global
	GlobalSection(SolutionConfigurationPlatforms) = preSolution
		Debug|Any CPU = Debug|Any CPU
		Release|Any CPU = Release|Any CPU
	EndGlobalSection
	GlobalSection(ProjectConfigurationPlatforms) = postSolution
		{A267858E-72B1-43A0-A19D-78344CE4D3DD}.Debug|Any CPU.ActiveCfg = Debug|Any CPU
		{A267858E-72B1-43A0-A19D-78344CE4D3DD}.Debug|Any CPU.Build.0 = Debug|Any CPU
		{A267858E-72B1-43A0-A19D-78344CE4D3DD}.Release|Any CPU.ActiveCfg = Release|Any CPU
		{A267858E-72B1-43A0-A19D-78344CE4D3DD}.Release|Any CPU.Build.0 = Release|Any CPU
		{AF3735DC-E15B-4874-BC1C-ADA2A8391BE1}.Debug|Any CPU.ActiveCfg = Debug|Any CPU
		{AF3735DC-E15B-4874-BC1C-ADA2A8391BE1}.Debug|Any CPU.Build.0 = Debug|Any CPU
		{AF3735DC-E15B-4874-BC1C-ADA2A8391BE1}.Release|Any CPU.ActiveCfg = Release|Any CPU
		{AF3735DC-E15B-4874-BC1C-ADA2A8391BE1}.Release|Any CPU.Build.0 = Release|Any CPU
	EndGlobalSection
	GlobalSection(SolutionProperties) = preSolution
		HideSolutionNode = FALSE
	EndGlobalSection
	GlobalSection(ExtensibilityGlobals) = postSolution
		SolutionGuid = {65F4BBBB-B32D-48C8-B276-5DEFDF49F3BF}
	EndGlobalSection
EndGlobal
